// !$*UTF8*$!
{
	archiveVersion = 1;
	classes = {
	};
	objectVersion = 46;
	objects = {

/* Begin PBXBuildFile section */
		F27C0A5757CDCDE667228CEF /* Pods_Bluetooth.framework in Frameworks */ = {isa = PBXBuildFile; fileRef = 5FF3C925124E9E006427287D /* Pods_Bluetooth.framework */; };
		FB4BB6DE1D6F4A3600EFA5D5 /* AppDelegate.swift in Sources */ = {isa = PBXBuildFile; fileRef = FB4BB6DD1D6F4A3600EFA5D5 /* AppDelegate.swift */; };
		FB4BB6E01D6F4A3600EFA5D5 /* ViewController.swift in Sources */ = {isa = PBXBuildFile; fileRef = FB4BB6DF1D6F4A3600EFA5D5 /* ViewController.swift */; };
		FB4BB6E31D6F4A3600EFA5D5 /* Main.storyboard in Resources */ = {isa = PBXBuildFile; fileRef = FB4BB6E11D6F4A3600EFA5D5 /* Main.storyboard */; };
		FB4BB6E51D6F4A3600EFA5D5 /* Assets.xcassets in Resources */ = {isa = PBXBuildFile; fileRef = FB4BB6E41D6F4A3600EFA5D5 /* Assets.xcassets */; };
		FB4BB6E81D6F4A3600EFA5D5 /* LaunchScreen.storyboard in Resources */ = {isa = PBXBuildFile; fileRef = FB4BB6E61D6F4A3600EFA5D5 /* LaunchScreen.storyboard */; };
		FB4BB6F11D6F4A4A00EFA5D5 /* BTDiscovery.swift in Sources */ = {isa = PBXBuildFile; fileRef = FB4BB6EF1D6F4A4A00EFA5D5 /* BTDiscovery.swift */; };
		FB4BB6F21D6F4A4A00EFA5D5 /* BTService.swift in Sources */ = {isa = PBXBuildFile; fileRef = FB4BB6F01D6F4A4A00EFA5D5 /* BTService.swift */; };
/* End PBXBuildFile section */

/* Begin PBXFileReference section */
		019B33661B66313EE1810567 /* Pods-Bluetooth.release.xcconfig */ = {isa = PBXFileReference; includeInIndex = 1; lastKnownFileType = text.xcconfig; name = "Pods-Bluetooth.release.xcconfig"; path = "Pods/Target Support Files/Pods-Bluetooth/Pods-Bluetooth.release.xcconfig"; sourceTree = "<group>"; };
		302854D88A6BD7D154A2D704 /* Pods-Bluetooth.debug.xcconfig */ = {isa = PBXFileReference; includeInIndex = 1; lastKnownFileType = text.xcconfig; name = "Pods-Bluetooth.debug.xcconfig"; path = "Pods/Target Support Files/Pods-Bluetooth/Pods-Bluetooth.debug.xcconfig"; sourceTree = "<group>"; };
		5FF3C925124E9E006427287D /* Pods_Bluetooth.framework */ = {isa = PBXFileReference; explicitFileType = wrapper.framework; includeInIndex = 0; path = Pods_Bluetooth.framework; sourceTree = BUILT_PRODUCTS_DIR; };
		FB4BB6DA1D6F4A3600EFA5D5 /* Bluetooth.app */ = {isa = PBXFileReference; explicitFileType = wrapper.application; includeInIndex = 0; path = Bluetooth.app; sourceTree = BUILT_PRODUCTS_DIR; };
		FB4BB6DD1D6F4A3600EFA5D5 /* AppDelegate.swift */ = {isa = PBXFileReference; lastKnownFileType = sourcecode.swift; path = AppDelegate.swift; sourceTree = "<group>"; };
		FB4BB6DF1D6F4A3600EFA5D5 /* ViewController.swift */ = {isa = PBXFileReference; lastKnownFileType = sourcecode.swift; path = ViewController.swift; sourceTree = "<group>"; };
		FB4BB6E21D6F4A3600EFA5D5 /* Base */ = {isa = PBXFileReference; lastKnownFileType = file.storyboard; name = Base; path = Base.lproj/Main.storyboard; sourceTree = "<group>"; };
		FB4BB6E41D6F4A3600EFA5D5 /* Assets.xcassets */ = {isa = PBXFileReference; lastKnownFileType = folder.assetcatalog; path = Assets.xcassets; sourceTree = "<group>"; };
		FB4BB6E71D6F4A3600EFA5D5 /* Base */ = {isa = PBXFileReference; lastKnownFileType = file.storyboard; name = Base; path = Base.lproj/LaunchScreen.storyboard; sourceTree = "<group>"; };
		FB4BB6E91D6F4A3600EFA5D5 /* Info.plist */ = {isa = PBXFileReference; lastKnownFileType = text.plist.xml; path = Info.plist; sourceTree = "<group>"; };
		FB4BB6EF1D6F4A4A00EFA5D5 /* BTDiscovery.swift */ = {isa = PBXFileReference; fileEncoding = 4; lastKnownFileType = sourcecode.swift; path = BTDiscovery.swift; sourceTree = "<group>"; };
		FB4BB6F01D6F4A4A00EFA5D5 /* BTService.swift */ = {isa = PBXFileReference; fileEncoding = 4; lastKnownFileType = sourcecode.swift; path = BTService.swift; sourceTree = "<group>"; };
/* End PBXFileReference section */

/* Begin PBXFrameworksBuildPhase section */
		FB4BB6D71D6F4A3600EFA5D5 /* Frameworks */ = {
			isa = PBXFrameworksBuildPhase;
			buildActionMask = 2147483647;
			files = (
				F27C0A5757CDCDE667228CEF /* Pods_Bluetooth.framework in Frameworks */,
			);
			runOnlyForDeploymentPostprocessing = 0;
		};
/* End PBXFrameworksBuildPhase section */

/* Begin PBXGroup section */
		096CCD398F46B9A7184A79C7 /* Frameworks */ = {
			isa = PBXGroup;
			children = (
				5FF3C925124E9E006427287D /* Pods_Bluetooth.framework */,
			);
			name = Frameworks;
			sourceTree = "<group>";
		};
		5D49C0A03F15AE7B4F6CEF95 /* Pods */ = {
			isa = PBXGroup;
			children = (
				302854D88A6BD7D154A2D704 /* Pods-Bluetooth.debug.xcconfig */,
				019B33661B66313EE1810567 /* Pods-Bluetooth.release.xcconfig */,
			);
			name = Pods;
			sourceTree = "<group>";
		};
		FB4BB6D11D6F4A3600EFA5D5 = {
			isa = PBXGroup;
			children = (
				FB4BB6DC1D6F4A3600EFA5D5 /* Bluetooth */,
				FB4BB6DB1D6F4A3600EFA5D5 /* Products */,
				5D49C0A03F15AE7B4F6CEF95 /* Pods */,
				096CCD398F46B9A7184A79C7 /* Frameworks */,
			);
			sourceTree = "<group>";
		};
		FB4BB6DB1D6F4A3600EFA5D5 /* Products */ = {
			isa = PBXGroup;
			children = (
				FB4BB6DA1D6F4A3600EFA5D5 /* Bluetooth.app */,
			);
			name = Products;
			sourceTree = "<group>";
		};
		FB4BB6DC1D6F4A3600EFA5D5 /* Bluetooth */ = {
			isa = PBXGroup;
			children = (
				FB4BB6EF1D6F4A4A00EFA5D5 /* BTDiscovery.swift */,
				FB4BB6F01D6F4A4A00EFA5D5 /* BTService.swift */,
				FB4BB6DD1D6F4A3600EFA5D5 /* AppDelegate.swift */,
				FB4BB6DF1D6F4A3600EFA5D5 /* ViewController.swift */,
				FB4BB6E11D6F4A3600EFA5D5 /* Main.storyboard */,
				FB4BB6E41D6F4A3600EFA5D5 /* Assets.xcassets */,
				FB4BB6E61D6F4A3600EFA5D5 /* LaunchScreen.storyboard */,
				FB4BB6E91D6F4A3600EFA5D5 /* Info.plist */,
			);
			path = Bluetooth;
			sourceTree = "<group>";
		};
/* End PBXGroup section */

/* Begin PBXNativeTarget section */
		FB4BB6D91D6F4A3600EFA5D5 /* Bluetooth */ = {
			isa = PBXNativeTarget;
			buildConfigurationList = FB4BB6EC1D6F4A3600EFA5D5 /* Build configuration list for PBXNativeTarget "Bluetooth" */;
			buildPhases = (
				E66822BF6FDD298299EB1E4E /* [CP] Check Pods Manifest.lock */,
				FB4BB6D61D6F4A3600EFA5D5 /* Sources */,
				FB4BB6D71D6F4A3600EFA5D5 /* Frameworks */,
				FB4BB6D81D6F4A3600EFA5D5 /* Resources */,
				81E10D9A23765A855C151265 /* [CP] Embed Pods Frameworks */,
				6593F51035F3518D2F2F4D8D /* [CP] Copy Pods Resources */,
			);
			buildRules = (
			);
			dependencies = (
			);
			name = Bluetooth;
			productName = Bluetooth;
			productReference = FB4BB6DA1D6F4A3600EFA5D5 /* Bluetooth.app */;
			productType = "com.apple.product-type.application";
		};
/* End PBXNativeTarget section */

/* Begin PBXProject section */
		FB4BB6D21D6F4A3600EFA5D5 /* Project object */ = {
			isa = PBXProject;
			attributes = {
				LastSwiftUpdateCheck = 0730;
				LastUpgradeCheck = 0730;
				ORGANIZATIONNAME = "Marcelo de Souza";
				TargetAttributes = {
					FB4BB6D91D6F4A3600EFA5D5 = {
						CreatedOnToolsVersion = 7.3.1;
					};
				};
			};
			buildConfigurationList = FB4BB6D51D6F4A3600EFA5D5 /* Build configuration list for PBXProject "Bluetooth" */;
			compatibilityVersion = "Xcode 3.2";
			developmentRegion = English;
			hasScannedForEncodings = 0;
			knownRegions = (
				en,
				Base,
			);
			mainGroup = FB4BB6D11D6F4A3600EFA5D5;
			productRefGroup = FB4BB6DB1D6F4A3600EFA5D5 /* Products */;
			projectDirPath = "";
			projectRoot = "";
			targets = (
				FB4BB6D91D6F4A3600EFA5D5 /* Bluetooth */,
			);
		};
/* End PBXProject section */

/* Begin PBXResourcesBuildPhase section */
		FB4BB6D81D6F4A3600EFA5D5 /* Resources */ = {
			isa = PBXResourcesBuildPhase;
			buildActionMask = 2147483647;
			files = (
				FB4BB6E81D6F4A3600EFA5D5 /* LaunchScreen.storyboard in Resources */,
				FB4BB6E51D6F4A3600EFA5D5 /* Assets.xcassets in Resources */,
				FB4BB6E31D6F4A3600EFA5D5 /* Main.storyboard in Resources */,
			);
			runOnlyForDeploymentPostprocessing = 0;
		};
/* End PBXResourcesBuildPhase section */

/* Begin PBXShellScriptBuildPhase section */
		6593F51035F3518D2F2F4D8D /* [CP] Copy Pods Resources */ = {
			isa = PBXShellScriptBuildPhase;
			buildActionMask = 2147483647;
			files = (
			);
			inputPaths = (
			);
			name = "[CP] Copy Pods Resources";
			outputPaths = (
			);
			runOnlyForDeploymentPostprocessing = 0;
			shellPath = /bin/sh;
			shellScript = "\"${SRCROOT}/Pods/Target Support Files/Pods-Bluetooth/Pods-Bluetooth-resources.sh\"\n";
			showEnvVarsInLog = 0;
		};
		81E10D9A23765A855C151265 /* [CP] Embed Pods Frameworks */ = {
			isa = PBXShellScriptBuildPhase;
			buildActionMask = 2147483647;
			files = (
			);
			inputPaths = (
			);
			name = "[CP] Embed Pods Frameworks";
			outputPaths = (
			);
			runOnlyForDeploymentPostprocessing = 0;
			shellPath = /bin/sh;
			shellScript = "\"${SRCROOT}/Pods/Target Support Files/Pods-Bluetooth/Pods-Bluetooth-frameworks.sh\"\n";
			showEnvVarsInLog = 0;
		};
		E66822BF6FDD298299EB1E4E /* [CP] Check Pods Manifest.lock */ = {
			isa = PBXShellScriptBuildPhase;
			buildActionMask = 2147483647;
			files = (
			);
			inputPaths = (
			);
			name = "[CP] Check Pods Manifest.lock";
			outputPaths = (
			);
			runOnlyForDeploymentPostprocessing = 0;
			shellPath = /bin/sh;
			shellScript = "diff \"${PODS_ROOT}/../Podfile.lock\" \"${PODS_ROOT}/Manifest.lock\" > /dev/null\nif [[ $? != 0 ]] ; then\n    cat << EOM\nerror: The sandbox is not in sync with the Podfile.lock. Run 'pod install' or update your CocoaPods installation.\nEOM\n    exit 1\nfi\n";
			showEnvVarsInLog = 0;
		};
/* End PBXShellScriptBuildPhase section */

/* Begin PBXSourcesBuildPhase section */
		FB4BB6D61D6F4A3600EFA5D5 /* Sources */ = {
			isa = PBXSourcesBuildPhase;
			buildActionMask = 2147483647;
			files = (
				FB4BB6E01D6F4A3600EFA5D5 /* ViewController.swift in Sources */,
				FB4BB6F21D6F4A4A00EFA5D5 /* BTService.swift in Sources */,
				FB4BB6F11D6F4A4A00EFA5D5 /* BTDiscovery.swift in Sources */,
				FB4BB6DE1D6F4A3600EFA5D5 /* AppDelegate.swift in Sources */,
			);
			runOnlyForDeploymentPostprocessing = 0;
		};
/* End PBXSourcesBuildPhase section */

/* Begin PBXVariantGroup section */
		FB4BB6E11D6F4A3600EFA5D5 /* Main.storyboard */ = {
			isa = PBXVariantGroup;
			children = (
				FB4BB6E21D6F4A3600EFA5D5 /* Base */,
			);
			name = Main.storyboard;
			sourceTree = "<group>";
		};
		FB4BB6E61D6F4A3600EFA5D5 /* LaunchScreen.storyboard */ = {
			isa = PBXVariantGroup;
			children = (
				FB4BB6E71D6F4A3600EFA5D5 /* Base */,
			);
			name = LaunchScreen.storyboard;
			sourceTree = "<group>";
		};
/* End PBXVariantGroup section */

/* Begin XCBuildConfiguration section */
		FB4BB6EA1D6F4A3600EFA5D5 /* Debug */ = {
			isa = XCBuildConfiguration;
			buildSettings = {
				ALWAYS_SEARCH_USER_PATHS = NO;
				CLANG_ANALYZER_NONNULL = YES;
				CLANG_CXX_LANGUAGE_STANDARD = "gnu++0x";
				CLANG_CXX_LIBRARY = "libc++";
				CLANG_ENABLE_MODULES = YES;
				CLANG_ENABLE_OBJC_ARC = YES;
				CLANG_WARN_BOOL_CONVERSION = YES;
				CLANG_WARN_CONSTANT_CONVERSION = YES;
				CLANG_WARN_DIRECT_OBJC_ISA_USAGE = YES_ERROR;
				CLANG_WARN_EMPTY_BODY = YES;
				CLANG_WARN_ENUM_CONVERSION = YES;
				CLANG_WARN_INT_CONVERSION = YES;
				CLANG_WARN_OBJC_ROOT_CLASS = YES_ERROR;
				CLANG_WARN_UNREACHABLE_CODE = YES;
				CLANG_WARN__DUPLICATE_METHOD_MATCH = YES;
				"CODE_SIGN_IDENTITY[sdk=iphoneos*]" = "iPhone Developer";
				COPY_PHASE_STRIP = NO;
				DEBUG_INFORMATION_FORMAT = dwarf;
				ENABLE_STRICT_OBJC_MSGSEND = YES;
				ENABLE_TESTABILITY = YES;
				GCC_C_LANGUAGE_STANDARD = gnu99;
				GCC_DYNAMIC_NO_PIC = NO;
				GCC_NO_COMMON_BLOCKS = YES;
				GCC_OPTIMIZATION_LEVEL = 0;
				GCC_PREPROCESSOR_DEFINITIONS = (
					"DEBUG=1",
					"$(inherited)",
				);
				GCC_WARN_64_TO_32_BIT_CONVERSION = YES;
				GCC_WARN_ABOUT_RETURN_TYPE = YES_ERROR;
				GCC_WARN_UNDECLARED_SELECTOR = YES;
				GCC_WARN_UNINITIALIZED_AUTOS = YES_AGGRESSIVE;
				GCC_WARN_UNUSED_FUNCTION = YES;
				GCC_WARN_UNUSED_VARIABLE = YES;
				IPHONEOS_DEPLOYMENT_TARGET = 9.3;
				MTL_ENABLE_DEBUG_INFO = YES;
				ONLY_ACTIVE_ARCH = YES;
				SDKROOT = iphoneos;
				SWIFT_OPTIMIZATION_LEVEL = "-Onone";
				TARGETED_DEVICE_FAMILY = "1,2";
			};
			name = Debug;
		};
		FB4BB6EB1D6F4A3600EFA5D5 /* Release */ = {
			isa = XCBuildConfiguration;
			buildSettings = {
				ALWAYS_SEARCH_USER_PATHS = NO;
				CLANG_ANALYZER_NONNULL = YES;
				CLANG_CXX_LANGUAGE_STANDARD = "gnu++0x";
				CLANG_CXX_LIBRARY = "libc++";
				CLANG_ENABLE_MODULES = YES;
				CLANG_ENABLE_OBJC_ARC = YES;
				CLANG_WARN_BOOL_CONVERSION = YES;
				CLANG_WARN_CONSTANT_CONVERSION = YES;
				CLANG_WARN_DIRECT_OBJC_ISA_USAGE = YES_ERROR;
				CLANG_WARN_EMPTY_BODY = YES;
				CLANG_WARN_ENUM_CONVERSION = YES;
				CLANG_WARN_INT_CONVERSION = YES;
				CLANG_WARN_OBJC_ROOT_CLASS = YES_ERROR;
				CLANG_WARN_UNREACHABLE_CODE = YES;
				CLANG_WARN__DUPLICATE_METHOD_MATCH = YES;
				"CODE_SIGN_IDENTITY[sdk=iphoneos*]" = "iPhone Developer";
				COPY_PHASE_STRIP = NO;
				DEBUG_INFORMATION_FORMAT = "dwarf-with-dsym";
				ENABLE_NS_ASSERTIONS = NO;
				ENABLE_STRICT_OBJC_MSGSEND = YES;
				GCC_C_LANGUAGE_STANDARD = gnu99;
				GCC_NO_COMMON_BLOCKS = YES;
				GCC_WARN_64_TO_32_BIT_CONVERSION = YES;
				GCC_WARN_ABOUT_RETURN_TYPE = YES_ERROR;
				GCC_WARN_UNDECLARED_SELECTOR = YES;
				GCC_WARN_UNINITIALIZED_AUTOS = YES_AGGRESSIVE;
				GCC_WARN_UNUSED_FUNCTION = YES;
				GCC_WARN_UNUSED_VARIABLE = YES;
				IPHONEOS_DEPLOYMENT_TARGET = 9.3;
				MTL_ENABLE_DEBUG_INFO = NO;
				SDKROOT = iphoneos;
				TARGETED_DEVICE_FAMILY = "1,2";
				VALIDATE_PRODUCT = YES;
			};
			name = Release;
		};
		FB4BB6ED1D6F4A3600EFA5D5 /* Debug */ = {
			isa = XCBuildConfiguration;
			baseConfigurationReference = 302854D88A6BD7D154A2D704 /* Pods-Bluetooth.debug.xcconfig */;
			buildSettings = {
				ASSETCATALOG_COMPILER_APPICON_NAME = AppIcon;
				INFOPLIST_FILE = Bluetooth/Info.plist;
				IPHONEOS_DEPLOYMENT_TARGET = 9.0;
				LD_RUNPATH_SEARCH_PATHS = "$(inherited) @executable_path/Frameworks";
				PRODUCT_BUNDLE_IDENTIFIER = com.samsaodev.Bluetooth;
				PRODUCT_NAME = "$(TARGET_NAME)";
			};
			name = Debug;
		};
		FB4BB6EE1D6F4A3600EFA5D5 /* Release */ = {
			isa = XCBuildConfiguration;
			baseConfigurationReference = 019B33661B66313EE1810567 /* Pods-Bluetooth.release.xcconfig */;
			buildSettings = {
				ASSETCATALOG_COMPILER_APPICON_NAME = AppIcon;
				INFOPLIST_FILE = Bluetooth/Info.plist;
				IPHONEOS_DEPLOYMENT_TARGET = 9.0;
				LD_RUNPATH_SEARCH_PATHS = "$(inherited) @executable_path/Frameworks";
				PRODUCT_BUNDLE_IDENTIFIER = com.samsaodev.Bluetooth;
				PRODUCT_NAME = "$(TARGET_NAME)";
			};
			name = Release;
		};
/* End XCBuildConfiguration section */

/* Begin XCConfigurationList section */
		FB4BB6D51D6F4A3600EFA5D5 /* Build configuration list for PBXProject "Bluetooth" */ = {
			isa = XCConfigurationList;
			buildConfigurations = (
				FB4BB6EA1D6F4A3600EFA5D5 /* Debug */,
				FB4BB6EB1D6F4A3600EFA5D5 /* Release */,
			);
			defaultConfigurationIsVisible = 0;
			defaultConfigurationName = Release;
		};
		FB4BB6EC1D6F4A3600EFA5D5 /* Build configuration list for PBXNativeTarget "Bluetooth" */ = {
			isa = XCConfigurationList;
			buildConfigurations = (
				FB4BB6ED1D6F4A3600EFA5D5 /* Debug */,
				FB4BB6EE1D6F4A3600EFA5D5 /* Release */,
			);
			defaultConfigurationIsVisible = 0;
			defaultConfigurationName = Release;
		};
/* End XCConfigurationList section */
	};
	rootObject = FB4BB6D21D6F4A3600EFA5D5 /* Project object */;
}
